
Microsoft Visual Studio Solution File, Format Version 12.00
# Visual Studio 15
VisualStudioVersion = 15.0.26730.12
MinimumVisualStudioVersion = 10.0.40219.1
Project("{FAE04EC0-301F-11D3-BF4B-00C04F79EFBC}") = "Dominio.DDDDevMedia", "Dominio.DDDDevMedia\Dominio.DDDDevMedia.csproj", "{B9D680D1-9B69-44C2-BFB1-7EE4BA390085}"
EndProject
Project("{FAE04EC0-301F-11D3-BF4B-00C04F79EFBC}") = "Repositorio.DDDDevMedia", "Repositorio\Repositorio.DDDDevMedia.csproj", "{3BA486A6-0E89-47DC-8FE6-C0F47AAFDB8E}"
EndProject
Global
	GlobalSection(SolutionConfigurationPlatforms) = preSolution
		Debug|Any CPU = Debug|Any CPU
		Release|Any CPU = Release|Any CPU
	EndGlobalSection
	GlobalSection(ProjectConfigurationPlatforms) = postSolution
		{B9D680D1-9B69-44C2-BFB1-7EE4BA390085}.Debug|Any CPU.ActiveCfg = Debug|Any CPU
		{B9D680D1-9B69-44C2-BFB1-7EE4BA390085}.Debug|Any CPU.Build.0 = Debug|Any CPU
		{B9D680D1-9B69-44C2-BFB1-7EE4BA390085}.Release|Any CPU.ActiveCfg = Release|Any CPU
		{B9D680D1-9B69-44C2-BFB1-7EE4BA390085}.Release|Any CPU.Build.0 = Release|Any CPU
		{3BA486A6-0E89-47DC-8FE6-C0F47AAFDB8E}.Debug|Any CPU.ActiveCfg = Debug|Any CPU
		{3BA486A6-0E89-47DC-8FE6-C0F47AAFDB8E}.Debug|Any CPU.Build.0 = Debug|Any CPU
		{3BA486A6-0E89-47DC-8FE6-C0F47AAFDB8E}.Release|Any CPU.ActiveCfg = Release|Any CPU
		{3BA486A6-0E89-47DC-8FE6-C0F47AAFDB8E}.Release|Any CPU.Build.0 = Release|Any CPU
	EndGlobalSection
	GlobalSection(SolutionProperties) = preSolution
		HideSolutionNode = FALSE
	EndGlobalSection
	GlobalSection(ExtensibilityGlobals) = postSolution
		SolutionGuid = {CB8AA9FB-DFA1-4A71-A20A-17906583A902}
	EndGlobalSection
EndGlobal
